
Microsoft Visual Studio Solution File, Format Version 12.00
# Visual Studio Version 16
VisualStudioVersion = 16.0.29609.76
MinimumVisualStudioVersion = 10.0.40219.1
Project("{FAE04EC0-301F-11D3-BF4B-00C04F79EFBC}") = "Git", "Git\Git.csproj", "{BEF583D0-A855-4639-B48C-48E171AA33C5}"
EndProject
Global
	GlobalSection(SolutionConfigurationPlatforms) = preSolution
		Debug|Any CPU = Debug|Any CPU
		Release|Any CPU = Release|Any CPU
	EndGlobalSection
	GlobalSection(ProjectConfigurationPlatforms) = postSolution
		{BEF583D0-A855-4639-B48C-48E171AA33C5}.Debug|Any CPU.ActiveCfg = Debug|Any CPU
		{BEF583D0-A855-4639-B48C-48E171AA33C5}.Debug|Any CPU.Build.0 = Debug|Any CPU
		{BEF583D0-A855-4639-B48C-48E171AA33C5}.Release|Any CPU.ActiveCfg = Release|Any CPU
		{BEF583D0-A855-4639-B48C-48E171AA33C5}.Release|Any CPU.Build.0 = Release|Any CPU
	EndGlobalSection
	GlobalSection(SolutionProperties) = preSolution
		HideSolutionNode = FALSE
	EndGlobalSection
	GlobalSection(ExtensibilityGlobals) = postSolution
		SolutionGuid = {79813824-BDE2-4105-885A-1F978CCA3259}
	EndGlobalSection
EndGlobal
